
Microsoft Visual Studio Solution File, Format Version 12.00
# Visual Studio Version 16
VisualStudioVersion = 16.0.31605.320
MinimumVisualStudioVersion = 10.0.40219.1
Project("{FAE04EC0-301F-11D3-BF4B-00C04F79EFBC}") = "Encapsulamento", "Encapsulamento.csproj", "{22C7F779-E4C7-4D60-A4E9-DE7DE5EDEEB8}"
EndProject
Global
	GlobalSection(SolutionConfigurationPlatforms) = preSolution
		Debug|Any CPU = Debug|Any CPU
		Release|Any CPU = Release|Any CPU
	EndGlobalSection
	GlobalSection(ProjectConfigurationPlatforms) = postSolution
		{22C7F779-E4C7-4D60-A4E9-DE7DE5EDEEB8}.Debug|Any CPU.ActiveCfg = Debug|Any CPU
		{22C7F779-E4C7-4D60-A4E9-DE7DE5EDEEB8}.Debug|Any CPU.Build.0 = Debug|Any CPU
		{22C7F779-E4C7-4D60-A4E9-DE7DE5EDEEB8}.Release|Any CPU.ActiveCfg = Release|Any CPU
		{22C7F779-E4C7-4D60-A4E9-DE7DE5EDEEB8}.Release|Any CPU.Build.0 = Release|Any CPU
	EndGlobalSection
	GlobalSection(SolutionProperties) = preSolution
		HideSolutionNode = FALSE
	EndGlobalSection
	GlobalSection(ExtensibilityGlobals) = postSolution
		SolutionGuid = {E14B7BE0-2DF2-4267-8962-C81D59746569}
	EndGlobalSection
EndGlobal
